
Microsoft Visual Studio Solution File, Format Version 12.00
Project("{FAE04EC0-301F-11D3-BF4B-00C04F79EFBC}") = "Lp_Lab01", "Lp_Lab01\Lp_Lab01.csproj", "{F65D6482-387D-4DD0-B1F6-F7DF93899E45}"
EndProject
Global
	GlobalSection(SolutionConfigurationPlatforms) = preSolution
		Debug|Any CPU = Debug|Any CPU
		Release|Any CPU = Release|Any CPU
	EndGlobalSection
	GlobalSection(ProjectConfigurationPlatforms) = postSolution
		{F65D6482-387D-4DD0-B1F6-F7DF93899E45}.Debug|Any CPU.ActiveCfg = Debug|Any CPU
		{F65D6482-387D-4DD0-B1F6-F7DF93899E45}.Debug|Any CPU.Build.0 = Debug|Any CPU
		{F65D6482-387D-4DD0-B1F6-F7DF93899E45}.Release|Any CPU.ActiveCfg = Release|Any CPU
		{F65D6482-387D-4DD0-B1F6-F7DF93899E45}.Release|Any CPU.Build.0 = Release|Any CPU
	EndGlobalSection
EndGlobal
